
Microsoft Visual Studio Solution File, Format Version 11.00
# Visual Studio 2010
Project("{8BC9CEB8-8B4A-11D0-8D11-00A0C91BC942}") = "ccutestTestRun", "ccutestTestRun\ccutestTestRun.vcxproj", "{D97966DF-7770-4870-8665-B006372ACBA6}"
EndProject
Global
	GlobalSection(SolutionConfigurationPlatforms) = preSolution
		Debug|Win32 = Debug|Win32
		Release|Win32 = Release|Win32
	EndGlobalSection
	GlobalSection(ProjectConfigurationPlatforms) = postSolution
		{D97966DF-7770-4870-8665-B006372ACBA6}.Debug|Win32.ActiveCfg = Debug|Win32
		{D97966DF-7770-4870-8665-B006372ACBA6}.Debug|Win32.Build.0 = Debug|Win32
		{D97966DF-7770-4870-8665-B006372ACBA6}.Release|Win32.ActiveCfg = Release|Win32
		{D97966DF-7770-4870-8665-B006372ACBA6}.Release|Win32.Build.0 = Release|Win32
	EndGlobalSection
	GlobalSection(SolutionProperties) = preSolution
		HideSolutionNode = FALSE
	EndGlobalSection
EndGlobal
